lockfileVersion: '6.0'

devDependencies:
  '@types/node':
    specifier: ^20.11.3
    version: registry.npmmirror.com/@types/node@20.11.3

packages:

  registry.npmmirror.com/@types/node@20.11.3:
    resolution: {integrity: sha512-nrlmbvGPNGaj84IJZXMPhQuCMEVTT/hXZMJJG/aIqVL9fKxqk814sGGtJA4GI6hpJSLQjpi6cn0Qx9eOf9SDVg==, registry: https://registry.npm.taobao.org/, tarball: https://registry.npmmirror.com/@types/node/-/node-20.11.3.tgz}
    name: '@types/node'
    version: 20.11.3
    dependencies:
      undici-types: registry.npmmirror.com/undici-types@5.26.5
    dev: true

  registry.npmmirror.com/undici-types@5.26.5:
    resolution: {integrity: sha512-JlCMO+ehdEIKqlFxk6IfVoAUVmgz7cU7zD/h9XZ0qzeosSHmUJVOzSQvvYSYWXkFXC+IfLKSIffhv0sVZup6pA==, registry: https://registry.npm.taobao.org/, tarball: https://registry.npmmirror.com/undici-types/-/undici-types-5.26.5.tgz}
    name: undici-types
    version: 5.26.5
    dev: true
